
Microsoft Visual Studio Solution File, Format Version 12.00
# Visual Studio Version 16
VisualStudioVersion = 16.0.28822.285
MinimumVisualStudioVersion = 10.0.40219.1
Project("{9A19103F-16F7-4668-BE54-9A1E7A4F7556}") = "SampleSkills", "SampleSkills.csproj", "{3F08FA4F-FCD8-4BA1-BDE6-78B5773B9F25}"
EndProject
Global
	GlobalSection(SolutionConfigurationPlatforms) = preSolution
		Debug|Any CPU = Debug|Any CPU
		Release|Any CPU = Release|Any CPU
	EndGlobalSection
	GlobalSection(ProjectConfigurationPlatforms) = postSolution
		{3F08FA4F-FCD8-4BA1-BDE6-78B5773B9F25}.Debug|Any CPU.ActiveCfg = Debug|Any CPU
		{3F08FA4F-FCD8-4BA1-BDE6-78B5773B9F25}.Debug|Any CPU.Build.0 = Debug|Any CPU
		{3F08FA4F-FCD8-4BA1-BDE6-78B5773B9F25}.Release|Any CPU.ActiveCfg = Release|Any CPU
		{3F08FA4F-FCD8-4BA1-BDE6-78B5773B9F25}.Release|Any CPU.Build.0 = Release|Any CPU
	EndGlobalSection
	GlobalSection(SolutionProperties) = preSolution
		HideSolutionNode = FALSE
	EndGlobalSection
	GlobalSection(ExtensibilityGlobals) = postSolution
		SolutionGuid = {4E48BB47-2990-4489-809E-D57EC48AA291}
	EndGlobalSection
EndGlobal
